// !$*UTF8*$!
{
	archiveVersion = 1;
	classes = {
	};
	objectVersion = 50;
	objects = {

/* Begin PBXBuildFile section */
		55285A1D22083D9100BBBAEA /* AppDelegate.m in Sources */ = {isa = PBXBuildFile; fileRef = 55285A1C22083D9100BBBAEA /* AppDelegate.m */; };
		55285A2022083D9100BBBAEA /* ViewController.m in Sources */ = {isa = PBXBuildFile; fileRef = 55285A1F22083D9100BBBAEA /* ViewController.m */; };
		55285A2322083D9100BBBAEA /* Main.storyboard in Resources */ = {isa = PBXBuildFile; fileRef = 55285A2122083D9100BBBAEA /* Main.storyboard */; };
		55285A2522083D9400BBBAEA /* Assets.xcassets in Resources */ = {isa = PBXBuildFile; fileRef = 55285A2422083D9400BBBAEA /* Assets.xcassets */; };
		55285A2822083D9400BBBAEA /* LaunchScreen.storyboard in Resources */ = {isa = PBXBuildFile; fileRef = 55285A2622083D9400BBBAEA /* LaunchScreen.storyboard */; };
		55285A2B22083D9400BBBAEA /* main.m in Sources */ = {isa = PBXBuildFile; fileRef = 55285A2A22083D9400BBBAEA /* main.m */; };
		5573B8EF222CF90D002E4EC6 /* ArticlesModelArray.m in Sources */ = {isa = PBXBuildFile; fileRef = 5573B8EE222CF90D002E4EC6 /* ArticlesModelArray.m */; };
		5573B8F2222CFA8A002E4EC6 /* ArticlesModel.m in Sources */ = {isa = PBXBuildFile; fileRef = 5573B8F1222CFA8A002E4EC6 /* ArticlesModel.m */; };
		5573B8F8222CFBC3002E4EC6 /* NetworkFactory.m in Sources */ = {isa = PBXBuildFile; fileRef = 5573B8F7222CFBC3002E4EC6 /* NetworkFactory.m */; };
		5573B8FB222E4978002E4EC6 /* NewsCell.m in Sources */ = {isa = PBXBuildFile; fileRef = 5573B8FA222E4978002E4EC6 /* NewsCell.m */; };
		5573B901222E5EE7002E4EC6 /* DetailVC.m in Sources */ = {isa = PBXBuildFile; fileRef = 5573B900222E5EE7002E4EC6 /* DetailVC.m */; };
		5573B903222E6171002E4EC6 /* WebKit.framework in Frameworks */ = {isa = PBXBuildFile; fileRef = 5573B902222E6170002E4EC6 /* WebKit.framework */; };
		80F74002FB3FB3DE4CEC63CE /* Pods_MPUlseSample2.framework in Frameworks */ = {isa = PBXBuildFile; fileRef = 711A37126C91A9D2F7395F14 /* Pods_MPUlseSample2.framework */; };
/* End PBXBuildFile section */

/* Begin PBXFileReference section */
		55285A1822083D9100BBBAEA /* MPUlseSample2.app */ = {isa = PBXFileReference; explicitFileType = wrapper.application; includeInIndex = 0; path = MPUlseSample2.app; sourceTree = BUILT_PRODUCTS_DIR; };
		55285A1B22083D9100BBBAEA /* AppDelegate.h */ = {isa = PBXFileReference; lastKnownFileType = sourcecode.c.h; path = AppDelegate.h; sourceTree = "<group>"; };
		55285A1C22083D9100BBBAEA /* AppDelegate.m */ = {isa = PBXFileReference; lastKnownFileType = sourcecode.c.objc; path = AppDelegate.m; sourceTree = "<group>"; };
		55285A1E22083D9100BBBAEA /* ViewController.h */ = {isa = PBXFileReference; lastKnownFileType = sourcecode.c.h; path = ViewController.h; sourceTree = "<group>"; };
		55285A1F22083D9100BBBAEA /* ViewController.m */ = {isa = PBXFileReference; lastKnownFileType = sourcecode.c.objc; path = ViewController.m; sourceTree = "<group>"; };
		55285A2222083D9100BBBAEA /* Base */ = {isa = PBXFileReference; lastKnownFileType = file.storyboard; name = Base; path = Base.lproj/Main.storyboard; sourceTree = "<group>"; };
		55285A2422083D9400BBBAEA /* Assets.xcassets */ = {isa = PBXFileReference; lastKnownFileType = folder.assetcatalog; path = Assets.xcassets; sourceTree = "<group>"; };
		55285A2722083D9400BBBAEA /* Base */ = {isa = PBXFileReference; lastKnownFileType = file.storyboard; name = Base; path = Base.lproj/LaunchScreen.storyboard; sourceTree = "<group>"; };
		55285A2922083D9400BBBAEA /* Info.plist */ = {isa = PBXFileReference; lastKnownFileType = text.plist.xml; path = Info.plist; sourceTree = "<group>"; };
		55285A2A22083D9400BBBAEA /* main.m */ = {isa = PBXFileReference; lastKnownFileType = sourcecode.c.objc; path = main.m; sourceTree = "<group>"; };
		5573B8ED222CF90D002E4EC6 /* ArticlesModelArray.h */ = {isa = PBXFileReference; lastKnownFileType = sourcecode.c.h; path = ArticlesModelArray.h; sourceTree = "<group>"; };
		5573B8EE222CF90D002E4EC6 /* ArticlesModelArray.m */ = {isa = PBXFileReference; lastKnownFileType = sourcecode.c.objc; path = ArticlesModelArray.m; sourceTree = "<group>"; };
		5573B8F0222CFA8A002E4EC6 /* ArticlesModel.h */ = {isa = PBXFileReference; lastKnownFileType = sourcecode.c.h; path = ArticlesModel.h; sourceTree = "<group>"; };
		5573B8F1222CFA8A002E4EC6 /* ArticlesModel.m */ = {isa = PBXFileReference; lastKnownFileType = sourcecode.c.objc; path = ArticlesModel.m; sourceTree = "<group>"; };
		5573B8F6222CFBC3002E4EC6 /* NetworkFactory.h */ = {isa = PBXFileReference; lastKnownFileType = sourcecode.c.h; path = NetworkFactory.h; sourceTree = "<group>"; };
		5573B8F7222CFBC3002E4EC6 /* NetworkFactory.m */ = {isa = PBXFileReference; lastKnownFileType = sourcecode.c.objc; path = NetworkFactory.m; sourceTree = "<group>"; };
		5573B8F9222E4978002E4EC6 /* NewsCell.h */ = {isa = PBXFileReference; lastKnownFileType = sourcecode.c.h; path = NewsCell.h; sourceTree = "<group>"; };
		5573B8FA222E4978002E4EC6 /* NewsCell.m */ = {isa = PBXFileReference; lastKnownFileType = sourcecode.c.objc; path = NewsCell.m; sourceTree = "<group>"; };
		5573B8FF222E5EE7002E4EC6 /* DetailVC.h */ = {isa = PBXFileReference; lastKnownFileType = sourcecode.c.h; path = DetailVC.h; sourceTree = "<group>"; };
		5573B900222E5EE7002E4EC6 /* DetailVC.m */ = {isa = PBXFileReference; lastKnownFileType = sourcecode.c.objc; path = DetailVC.m; sourceTree = "<group>"; };
		5573B902222E6170002E4EC6 /* WebKit.framework */ = {isa = PBXFileReference; lastKnownFileType = wrapper.framework; name = WebKit.framework; path = System/Library/Frameworks/WebKit.framework; sourceTree = SDKROOT; };
		711A37126C91A9D2F7395F14 /* Pods_MPUlseSample2.framework */ = {isa = PBXFileReference; explicitFileType = wrapper.framework; includeInIndex = 0; path = Pods_MPUlseSample2.framework; sourceTree = BUILT_PRODUCTS_DIR; };
		C61354C74F970F5B87575234 /* Pods-MPUlseSample2.debug.xcconfig */ = {isa = PBXFileReference; includeInIndex = 1; lastKnownFileType = text.xcconfig; name = "Pods-MPUlseSample2.debug.xcconfig"; path = "Pods/Target Support Files/Pods-MPUlseSample2/Pods-MPUlseSample2.debug.xcconfig"; sourceTree = "<group>"; };
		FD3F554E56FBA8D764438C6E /* Pods-MPUlseSample2.release.xcconfig */ = {isa = PBXFileReference; includeInIndex = 1; lastKnownFileType = text.xcconfig; name = "Pods-MPUlseSample2.release.xcconfig"; path = "Pods/Target Support Files/Pods-MPUlseSample2/Pods-MPUlseSample2.release.xcconfig"; sourceTree = "<group>"; };
/* End PBXFileReference section */

/* Begin PBXFrameworksBuildPhase section */
		55285A1522083D9100BBBAEA /* Frameworks */ = {
			isa = PBXFrameworksBuildPhase;
			buildActionMask = 2147483647;
			files = (
				5573B903222E6171002E4EC6 /* WebKit.framework in Frameworks */,
				80F74002FB3FB3DE4CEC63CE /* Pods_MPUlseSample2.framework in Frameworks */,
			);
			runOnlyForDeploymentPostprocessing = 0;
		};
/* End PBXFrameworksBuildPhase section */

/* Begin PBXGroup section */
		55285A0F22083D9100BBBAEA = {
			isa = PBXGroup;
			children = (
				55285A1A22083D9100BBBAEA /* MPUlseSample2 */,
				55285A1922083D9100BBBAEA /* Products */,
				C669567196399D2BE066D751 /* Pods */,
				B87FD29DE4BA587D26431A10 /* Frameworks */,
			);
			sourceTree = "<group>";
		};
		55285A1922083D9100BBBAEA /* Products */ = {
			isa = PBXGroup;
			children = (
				55285A1822083D9100BBBAEA /* MPUlseSample2.app */,
			);
			name = Products;
			sourceTree = "<group>";
		};
		55285A1A22083D9100BBBAEA /* MPUlseSample2 */ = {
			isa = PBXGroup;
			children = (
				55E12E62222F9F6200C375A4 /* ViewControllers */,
				5573B8F3222CFB85002E4EC6 /* Network */,
				55285A1B22083D9100BBBAEA /* AppDelegate.h */,
				55285A1C22083D9100BBBAEA /* AppDelegate.m */,
				55285A1E22083D9100BBBAEA /* ViewController.h */,
				55285A1F22083D9100BBBAEA /* ViewController.m */,
				55285A2122083D9100BBBAEA /* Main.storyboard */,
				55285A2422083D9400BBBAEA /* Assets.xcassets */,
				55285A2622083D9400BBBAEA /* LaunchScreen.storyboard */,
				55285A2922083D9400BBBAEA /* Info.plist */,
				55285A2A22083D9400BBBAEA /* main.m */,
			);
			path = MPUlseSample2;
			sourceTree = "<group>";
		};
		5573B8F3222CFB85002E4EC6 /* Network */ = {
			isa = PBXGroup;
			children = (
				5573B8F5222CFB98002E4EC6 /* Model */,
				5573B8F4222CFB8D002E4EC6 /* Networking */,
			);
			path = Network;
			sourceTree = "<group>";
		};
		5573B8F4222CFB8D002E4EC6 /* Networking */ = {
			isa = PBXGroup;
			children = (
				5573B8F6222CFBC3002E4EC6 /* NetworkFactory.h */,
				5573B8F7222CFBC3002E4EC6 /* NetworkFactory.m */,
			);
			path = Networking;
			sourceTree = "<group>";
		};
		5573B8F5222CFB98002E4EC6 /* Model */ = {
			isa = PBXGroup;
			children = (
				5573B8F0222CFA8A002E4EC6 /* ArticlesModel.h */,
				5573B8F1222CFA8A002E4EC6 /* ArticlesModel.m */,
				5573B8ED222CF90D002E4EC6 /* ArticlesModelArray.h */,
				5573B8EE222CF90D002E4EC6 /* ArticlesModelArray.m */,
			);
			path = Model;
			sourceTree = "<group>";
		};
		55E12E62222F9F6200C375A4 /* ViewControllers */ = {
			isa = PBXGroup;
			children = (
				5573B8F9222E4978002E4EC6 /* NewsCell.h */,
				5573B8FA222E4978002E4EC6 /* NewsCell.m */,
				5573B8FF222E5EE7002E4EC6 /* DetailVC.h */,
				5573B900222E5EE7002E4EC6 /* DetailVC.m */,
			);
			path = ViewControllers;
			sourceTree = "<group>";
		};
		B87FD29DE4BA587D26431A10 /* Frameworks */ = {
			isa = PBXGroup;
			children = (
				5573B902222E6170002E4EC6 /* WebKit.framework */,
				711A37126C91A9D2F7395F14 /* Pods_MPUlseSample2.framework */,
			);
			name = Frameworks;
			sourceTree = "<group>";
		};
		C669567196399D2BE066D751 /* Pods */ = {
			isa = PBXGroup;
			children = (
				C61354C74F970F5B87575234 /* Pods-MPUlseSample2.debug.xcconfig */,
				FD3F554E56FBA8D764438C6E /* Pods-MPUlseSample2.release.xcconfig */,
			);
			name = Pods;
			sourceTree = "<group>";
		};
/* End PBXGroup section */

/* Begin PBXNativeTarget section */
		55285A1722083D9100BBBAEA /* MPUlseSample2 */ = {
			isa = PBXNativeTarget;
			buildConfigurationList = 55285A2E22083D9400BBBAEA /* Build configuration list for PBXNativeTarget "MPUlseSample2" */;
			buildPhases = (
				100DF31FC2FBDBF1810C79D9 /* [CP] Check Pods Manifest.lock */,
				55285A1422083D9100BBBAEA /* Sources */,
				55285A1522083D9100BBBAEA /* Frameworks */,
				55285A1622083D9100BBBAEA /* Resources */,
				FC416D65AA2B0C6FFFF92BC3 /* [CP] Embed Pods Frameworks */,
			);
			buildRules = (
			);
			dependencies = (
			);
			name = MPUlseSample2;
			productName = MPUlseSample2;
			productReference = 55285A1822083D9100BBBAEA /* MPUlseSample2.app */;
			productType = "com.apple.product-type.application";
		};
/* End PBXNativeTarget section */

/* Begin PBXProject section */
		55285A1022083D9100BBBAEA /* Project object */ = {
			isa = PBXProject;
			attributes = {
				LastUpgradeCheck = 1000;
				ORGANIZATIONNAME = Akamai;
				TargetAttributes = {
					55285A1722083D9100BBBAEA = {
						CreatedOnToolsVersion = 10.0;
					};
				};
			};
			buildConfigurationList = 55285A1322083D9100BBBAEA /* Build configuration list for PBXProject "MPUlseSample2" */;
			compatibilityVersion = "Xcode 9.3";
			developmentRegion = en;
			hasScannedForEncodings = 0;
			knownRegions = (
				en,
				Base,
			);
			mainGroup = 55285A0F22083D9100BBBAEA;
			productRefGroup = 55285A1922083D9100BBBAEA /* Products */;
			projectDirPath = "";
			projectRoot = "";
			targets = (
				55285A1722083D9100BBBAEA /* MPUlseSample2 */,
			);
		};
/* End PBXProject section */

/* Begin PBXResourcesBuildPhase section */
		55285A1622083D9100BBBAEA /* Resources */ = {
			isa = PBXResourcesBuildPhase;
			buildActionMask = 2147483647;
			files = (
				55285A2822083D9400BBBAEA /* LaunchScreen.storyboard in Resources */,
				55285A2522083D9400BBBAEA /* Assets.xcassets in Resources */,
				55285A2322083D9100BBBAEA /* Main.storyboard in Resources */,
			);
			runOnlyForDeploymentPostprocessing = 0;
		};
/* End PBXResourcesBuildPhase section */

/* Begin PBXShellScriptBuildPhase section */
		100DF31FC2FBDBF1810C79D9 /* [CP] Check Pods Manifest.lock */ = {
			isa = PBXShellScriptBuildPhase;
			buildActionMask = 2147483647;
			files = (
			);
			inputPaths = (
				"${PODS_PODFILE_DIR_PATH}/Podfile.lock",
				"${PODS_ROOT}/Manifest.lock",
			);
			name = "[CP] Check Pods Manifest.lock";
			outputPaths = (
				"$(DERIVED_FILE_DIR)/Pods-MPUlseSample2-checkManifestLockResult.txt",
			);
			runOnlyForDeploymentPostprocessing = 0;
			shellPath = /bin/sh;
			shellScript = "diff \"${PODS_PODFILE_DIR_PATH}/Podfile.lock\" \"${PODS_ROOT}/Manifest.lock\" > /dev/null\nif [ $? != 0 ] ; then\n    # print error to STDERR\n    echo \"error: The sandbox is not in sync with the Podfile.lock. Run 'pod install' or update your CocoaPods installation.\" >&2\n    exit 1\nfi\n# This output is used by Xcode 'outputs' to avoid re-running this script phase.\necho \"SUCCESS\" > \"${SCRIPT_OUTPUT_FILE_0}\"\n";
			showEnvVarsInLog = 0;
		};
		FC416D65AA2B0C6FFFF92BC3 /* [CP] Embed Pods Frameworks */ = {
			isa = PBXShellScriptBuildPhase;
			buildActionMask = 2147483647;
			files = (
			);
			inputFileListPaths = (
			);
			inputPaths = (
				"${PODS_ROOT}/Target Support Files/Pods-MPUlseSample2/Pods-MPUlseSample2-frameworks.sh",
				"${BUILT_PRODUCTS_DIR}/JSONModel/JSONModel.framework",
				"${BUILT_PRODUCTS_DIR}/SDWebImage/SDWebImage.framework",
				"${BUILT_PRODUCTS_DIR}/mPulse/mPulse.framework",
			);
			name = "[CP] Embed Pods Frameworks";
			outputFileListPaths = (
			);
			outputPaths = (
				"${TARGET_BUILD_DIR}/${FRAMEWORKS_FOLDER_PATH}/JSONModel.framework",
				"${TARGET_BUILD_DIR}/${FRAMEWORKS_FOLDER_PATH}/SDWebImage.framework",
				"${TARGET_BUILD_DIR}/${FRAMEWORKS_FOLDER_PATH}/mPulse.framework",
			);
			runOnlyForDeploymentPostprocessing = 0;
			shellPath = /bin/sh;
			shellScript = "\"${PODS_ROOT}/Target Support Files/Pods-MPUlseSample2/Pods-MPUlseSample2-frameworks.sh\"\n";
			showEnvVarsInLog = 0;
		};
/* End PBXShellScriptBuildPhase section */

/* Begin PBXSourcesBuildPhase section */
		55285A1422083D9100BBBAEA /* Sources */ = {
			isa = PBXSourcesBuildPhase;
			buildActionMask = 2147483647;
			files = (
				55285A2022083D9100BBBAEA /* ViewController.m in Sources */,
				5573B901222E5EE7002E4EC6 /* DetailVC.m in Sources */,
				5573B8F8222CFBC3002E4EC6 /* NetworkFactory.m in Sources */,
				5573B8F2222CFA8A002E4EC6 /* ArticlesModel.m in Sources */,
				5573B8FB222E4978002E4EC6 /* NewsCell.m in Sources */,
				55285A2B22083D9400BBBAEA /* main.m in Sources */,
				5573B8EF222CF90D002E4EC6 /* ArticlesModelArray.m in Sources */,
				55285A1D22083D9100BBBAEA /* AppDelegate.m in Sources */,
			);
			runOnlyForDeploymentPostprocessing = 0;
		};
/* End PBXSourcesBuildPhase section */

/* Begin PBXVariantGroup section */
		55285A2122083D9100BBBAEA /* Main.storyboard */ = {
			isa = PBXVariantGroup;
			children = (
				55285A2222083D9100BBBAEA /* Base */,
			);
			name = Main.storyboard;
			sourceTree = "<group>";
		};
		55285A2622083D9400BBBAEA /* LaunchScreen.storyboard */ = {
			isa = PBXVariantGroup;
			children = (
				55285A2722083D9400BBBAEA /* Base */,
			);
			name = LaunchScreen.storyboard;
			sourceTree = "<group>";
		};
/* End PBXVariantGroup section */

/* Begin XCBuildConfiguration section */
		55285A2C22083D9400BBBAEA /* Debug */ = {
			isa = XCBuildConfiguration;
			buildSettings = {
				ALWAYS_SEARCH_USER_PATHS = NO;
				CLANG_ANALYZER_NONNULL = YES;
				CLANG_ANALYZER_NUMBER_OBJECT_CONVERSION = YES_AGGRESSIVE;
				CLANG_CXX_LANGUAGE_STANDARD = "gnu++14";
				CLANG_CXX_LIBRARY = "libc++";
				CLANG_ENABLE_MODULES = YES;
				CLANG_ENABLE_OBJC_ARC = YES;
				CLANG_ENABLE_OBJC_WEAK = YES;
				CLANG_WARN_BLOCK_CAPTURE_AUTORELEASING = YES;
				CLANG_WARN_BOOL_CONVERSION = YES;
				CLANG_WARN_COMMA = YES;
				CLANG_WARN_CONSTANT_CONVERSION = YES;
				CLANG_WARN_DEPRECATED_OBJC_IMPLEMENTATIONS = YES;
				CLANG_WARN_DIRECT_OBJC_ISA_USAGE = YES_ERROR;
				CLANG_WARN_DOCUMENTATION_COMMENTS = YES;
				CLANG_WARN_EMPTY_BODY = YES;
				CLANG_WARN_ENUM_CONVERSION = YES;
				CLANG_WARN_INFINITE_RECURSION = YES;
				CLANG_WARN_INT_CONVERSION = YES;
				CLANG_WARN_NON_LITERAL_NULL_CONVERSION = YES;
				CLANG_WARN_OBJC_IMPLICIT_RETAIN_SELF = YES;
				CLANG_WARN_OBJC_LITERAL_CONVERSION = YES;
				CLANG_WARN_OBJC_ROOT_CLASS = YES_ERROR;
				CLANG_WARN_RANGE_LOOP_ANALYSIS = YES;
				CLANG_WARN_STRICT_PROTOTYPES = YES;
				CLANG_WARN_SUSPICIOUS_MOVE = YES;
				CLANG_WARN_UNGUARDED_AVAILABILITY = YES_AGGRESSIVE;
				CLANG_WARN_UNREACHABLE_CODE = YES;
				CLANG_WARN__DUPLICATE_METHOD_MATCH = YES;
				CODE_SIGN_IDENTITY = "iPhone Developer";
				COPY_PHASE_STRIP = NO;
				DEBUG_INFORMATION_FORMAT = dwarf;
				ENABLE_STRICT_OBJC_MSGSEND = YES;
				ENABLE_TESTABILITY = YES;
				GCC_C_LANGUAGE_STANDARD = gnu11;
				GCC_DYNAMIC_NO_PIC = NO;
				GCC_NO_COMMON_BLOCKS = YES;
				GCC_OPTIMIZATION_LEVEL = 0;
				GCC_PREPROCESSOR_DEFINITIONS = (
					"DEBUG=1",
					"$(inherited)",
				);
				GCC_WARN_64_TO_32_BIT_CONVERSION = YES;
				GCC_WARN_ABOUT_RETURN_TYPE = YES_ERROR;
				GCC_WARN_UNDECLARED_SELECTOR = YES;
				GCC_WARN_UNINITIALIZED_AUTOS = YES_AGGRESSIVE;
				GCC_WARN_UNUSED_FUNCTION = YES;
				GCC_WARN_UNUSED_VARIABLE = YES;
				IPHONEOS_DEPLOYMENT_TARGET = 12.0;
				MTL_ENABLE_DEBUG_INFO = INCLUDE_SOURCE;
				MTL_FAST_MATH = YES;
				ONLY_ACTIVE_ARCH = YES;
				SDKROOT = iphoneos;
			};
			name = Debug;
		};
		55285A2D22083D9400BBBAEA /* Release */ = {
			isa = XCBuildConfiguration;
			buildSettings = {
				ALWAYS_SEARCH_USER_PATHS = NO;
				CLANG_ANALYZER_NONNULL = YES;
				CLANG_ANALYZER_NUMBER_OBJECT_CONVERSION = YES_AGGRESSIVE;
				CLANG_CXX_LANGUAGE_STANDARD = "gnu++14";
				CLANG_CXX_LIBRARY = "libc++";
				CLANG_ENABLE_MODULES = YES;
				CLANG_ENABLE_OBJC_ARC = YES;
				CLANG_ENABLE_OBJC_WEAK = YES;
				CLANG_WARN_BLOCK_CAPTURE_AUTORELEASING = YES;
				CLANG_WARN_BOOL_CONVERSION = YES;
				CLANG_WARN_COMMA = YES;
				CLANG_WARN_CONSTANT_CONVERSION = YES;
				CLANG_WARN_DEPRECATED_OBJC_IMPLEMENTATIONS = YES;
				CLANG_WARN_DIRECT_OBJC_ISA_USAGE = YES_ERROR;
				CLANG_WARN_DOCUMENTATION_COMMENTS = YES;
				CLANG_WARN_EMPTY_BODY = YES;
				CLANG_WARN_ENUM_CONVERSION = YES;
				CLANG_WARN_INFINITE_RECURSION = YES;
				CLANG_WARN_INT_CONVERSION = YES;
				CLANG_WARN_NON_LITERAL_NULL_CONVERSION = YES;
				CLANG_WARN_OBJC_IMPLICIT_RETAIN_SELF = YES;
				CLANG_WARN_OBJC_LITERAL_CONVERSION = YES;
				CLANG_WARN_OBJC_ROOT_CLASS = YES_ERROR;
				CLANG_WARN_RANGE_LOOP_ANALYSIS = YES;
				CLANG_WARN_STRICT_PROTOTYPES = YES;
				CLANG_WARN_SUSPICIOUS_MOVE = YES;
				CLANG_WARN_UNGUARDED_AVAILABILITY = YES_AGGRESSIVE;
				CLANG_WARN_UNREACHABLE_CODE = YES;
				CLANG_WARN__DUPLICATE_METHOD_MATCH = YES;
				CODE_SIGN_IDENTITY = "iPhone Developer";
				COPY_PHASE_STRIP = NO;
				DEBUG_INFORMATION_FORMAT = "dwarf-with-dsym";
				ENABLE_NS_ASSERTIONS = NO;
				ENABLE_STRICT_OBJC_MSGSEND = YES;
				GCC_C_LANGUAGE_STANDARD = gnu11;
				GCC_NO_COMMON_BLOCKS = YES;
				GCC_WARN_64_TO_32_BIT_CONVERSION = YES;
				GCC_WARN_ABOUT_RETURN_TYPE = YES_ERROR;
				GCC_WARN_UNDECLARED_SELECTOR = YES;
				GCC_WARN_UNINITIALIZED_AUTOS = YES_AGGRESSIVE;
				GCC_WARN_UNUSED_FUNCTION = YES;
				GCC_WARN_UNUSED_VARIABLE = YES;
				IPHONEOS_DEPLOYMENT_TARGET = 12.0;
				MTL_ENABLE_DEBUG_INFO = NO;
				MTL_FAST_MATH = YES;
				SDKROOT = iphoneos;
				VALIDATE_PRODUCT = YES;
			};
			name = Release;
		};
		55285A2F22083D9400BBBAEA /* Debug */ = {
			isa = XCBuildConfiguration;
			baseConfigurationReference = C61354C74F970F5B87575234 /* Pods-MPUlseSample2.debug.xcconfig */;
			buildSettings = {
				ASSETCATALOG_COMPILER_APPICON_NAME = AppIcon;
				CODE_SIGN_STYLE = Automatic;
				DEVELOPMENT_TEAM = 6274L4PV2G;
				INFOPLIST_FILE = MPUlseSample2/Info.plist;
				IPHONEOS_DEPLOYMENT_TARGET = 9.0;
				LD_RUNPATH_SEARCH_PATHS = (
					"$(inherited)",
					"@executable_path/Frameworks",
				);
				PRODUCT_BUNDLE_IDENTIFIER = com.akamaipp.pp;
				PRODUCT_NAME = "$(TARGET_NAME)";
				TARGETED_DEVICE_FAMILY = "1,2";
			};
			name = Debug;
		};
		55285A3022083D9400BBBAEA /* Release */ = {
			isa = XCBuildConfiguration;
			baseConfigurationReference = FD3F554E56FBA8D764438C6E /* Pods-MPUlseSample2.release.xcconfig */;
			buildSettings = {
				ASSETCATALOG_COMPILER_APPICON_NAME = AppIcon;
				CODE_SIGN_STYLE = Automatic;
				DEVELOPMENT_TEAM = 6274L4PV2G;
				INFOPLIST_FILE = MPUlseSample2/Info.plist;
				IPHONEOS_DEPLOYMENT_TARGET = 9.0;
				LD_RUNPATH_SEARCH_PATHS = (
					"$(inherited)",
					"@executable_path/Frameworks",
				);
				PRODUCT_BUNDLE_IDENTIFIER = com.akamaipp.pp;
				PRODUCT_NAME = "$(TARGET_NAME)";
				TARGETED_DEVICE_FAMILY = "1,2";
			};
			name = Release;
		};
/* End XCBuildConfiguration section */

/* Begin XCConfigurationList section */
		55285A1322083D9100BBBAEA /* Build configuration list for PBXProject "MPUlseSample2" */ = {
			isa = XCConfigurationList;
			buildConfigurations = (
				55285A2C22083D9400BBBAEA /* Debug */,
				55285A2D22083D9400BBBAEA /* Release */,
			);
			defaultConfigurationIsVisible = 0;
			defaultConfigurationName = Release;
		};
		55285A2E22083D9400BBBAEA /* Build configuration list for PBXNativeTarget "MPUlseSample2" */ = {
			isa = XCConfigurationList;
			buildConfigurations = (
				55285A2F22083D9400BBBAEA /* Debug */,
				55285A3022083D9400BBBAEA /* Release */,
			);
			defaultConfigurationIsVisible = 0;
			defaultConfigurationName = Release;
		};
/* End XCConfigurationList section */
	};
	rootObject = 55285A1022083D9100BBBAEA /* Project object */;
}
